
Microsoft Visual Studio Solution File, Format Version 12.00
# Visual Studio Version 17
VisualStudioVersion = 17.9.34622.214
MinimumVisualStudioVersion = 10.0.40219.1
Project("{9A19103F-16F7-4668-BE54-9A1E7A4F7556}") = "ZMTDotNetCore.ConsoleApp", "ZMTDotNetCore.ConsoleApp\ZMTDotNetCore.ConsoleApp.csproj", "{7F385724-EF32-4662-A0CA-B350929C311E}"
EndProject
Project("{2150E333-8FDC-42A3-9474-1A3956D46DE8}") = "Document", "Document", "{D79CBECC-FFF2-4A6F-A40D-77C8B9D11941}"
	ProjectSection(SolutionItems) = preProject
		DotNetTrainingBatch4.sql = DotNetTrainingBatch4.sql
		Readme.md = Readme.md
	EndProjectSection
EndProject
Project("{9A19103F-16F7-4668-BE54-9A1E7A4F7556}") = "ZMTDotNetCore.RestApi", "ZMTDotNetCore.RestApi\ZMTDotNetCore.RestApi.csproj", "{553B9EBA-87C1-4321-9C02-C7EB3C045307}"
EndProject
Project("{9A19103F-16F7-4668-BE54-9A1E7A4F7556}") = "ZMTDotNetCore.Shared", "ZMTDotNetCore.Shared\ZMTDotNetCore.Shared.csproj", "{03717B3A-77E6-4986-A47F-4E36E34C0A34}"
EndProject
Project("{9A19103F-16F7-4668-BE54-9A1E7A4F7556}") = "ZMTDotNetCore.RestApiWithNLayer", "ZMTDotNetCore.RestApiWithNLayer\ZMTDotNetCore.RestApiWithNLayer.csproj", "{B1E0EB85-EFDC-4688-A767-DE8BE80687D1}"
EndProject
Project("{9A19103F-16F7-4668-BE54-9A1E7A4F7556}") = "ZMTDotNetCore.ConsoleAppHttpClientExamples", "ZMTDotNetCore.ConsoleWithHttpClientExample\ZMTDotNetCore.ConsoleAppHttpClientExamples.csproj", "{2A102E0F-9E5D-4A72-B0B7-990EA9AA50B3}"
EndProject
Project("{9A19103F-16F7-4668-BE54-9A1E7A4F7556}") = "ZMTDotNetCore.ConsoleAppRestClientExamples", "ZMTDotNetCore.ConsoleAppRestClientExample\ZMTDotNetCore.ConsoleAppRestClientExamples.csproj", "{4CCD7DF1-537C-4BBD-B6D6-92ECFFBB7CBB}"
EndProject
Project("{9A19103F-16F7-4668-BE54-9A1E7A4F7556}") = "ZMTDotNetCore.PizzaApi", "ZMTDotNetCore.PizzaApi\ZMTDotNetCore.PizzaApi.csproj", "{12AF22B4-B335-45C1-8566-649745B6D0E3}"
EndProject
Project("{FAE04EC0-301F-11D3-BF4B-00C04F79EFBC}") = "ZMTDotNetCore.RefitExamples", "ZMTDotNetCore.RefitExamples\ZMTDotNetCore.RefitExamples.csproj", "{C51F211F-0B32-41B3-BF00-CF89264B63FB}"
EndProject
Global
	GlobalSection(SolutionConfigurationPlatforms) = preSolution
		Debug|Any CPU = Debug|Any CPU
		Release|Any CPU = Release|Any CPU
	EndGlobalSection
	GlobalSection(ProjectConfigurationPlatforms) = postSolution
		{7F385724-EF32-4662-A0CA-B350929C311E}.Debug|Any CPU.ActiveCfg = Debug|Any CPU
		{7F385724-EF32-4662-A0CA-B350929C311E}.Debug|Any CPU.Build.0 = Debug|Any CPU
		{7F385724-EF32-4662-A0CA-B350929C311E}.Release|Any CPU.ActiveCfg = Release|Any CPU
		{7F385724-EF32-4662-A0CA-B350929C311E}.Release|Any CPU.Build.0 = Release|Any CPU
		{553B9EBA-87C1-4321-9C02-C7EB3C045307}.Debug|Any CPU.ActiveCfg = Debug|Any CPU
		{553B9EBA-87C1-4321-9C02-C7EB3C045307}.Debug|Any CPU.Build.0 = Debug|Any CPU
		{553B9EBA-87C1-4321-9C02-C7EB3C045307}.Release|Any CPU.ActiveCfg = Release|Any CPU
		{553B9EBA-87C1-4321-9C02-C7EB3C045307}.Release|Any CPU.Build.0 = Release|Any CPU
		{03717B3A-77E6-4986-A47F-4E36E34C0A34}.Debug|Any CPU.ActiveCfg = Debug|Any CPU
		{03717B3A-77E6-4986-A47F-4E36E34C0A34}.Debug|Any CPU.Build.0 = Debug|Any CPU
		{03717B3A-77E6-4986-A47F-4E36E34C0A34}.Release|Any CPU.ActiveCfg = Release|Any CPU
		{03717B3A-77E6-4986-A47F-4E36E34C0A34}.Release|Any CPU.Build.0 = Release|Any CPU
		{B1E0EB85-EFDC-4688-A767-DE8BE80687D1}.Debug|Any CPU.ActiveCfg = Debug|Any CPU
		{B1E0EB85-EFDC-4688-A767-DE8BE80687D1}.Debug|Any CPU.Build.0 = Debug|Any CPU
		{B1E0EB85-EFDC-4688-A767-DE8BE80687D1}.Release|Any CPU.ActiveCfg = Release|Any CPU
		{B1E0EB85-EFDC-4688-A767-DE8BE80687D1}.Release|Any CPU.Build.0 = Release|Any CPU
		{2A102E0F-9E5D-4A72-B0B7-990EA9AA50B3}.Debug|Any CPU.ActiveCfg = Debug|Any CPU
		{2A102E0F-9E5D-4A72-B0B7-990EA9AA50B3}.Debug|Any CPU.Build.0 = Debug|Any CPU
		{2A102E0F-9E5D-4A72-B0B7-990EA9AA50B3}.Release|Any CPU.ActiveCfg = Release|Any CPU
		{2A102E0F-9E5D-4A72-B0B7-990EA9AA50B3}.Release|Any CPU.Build.0 = Release|Any CPU
		{4CCD7DF1-537C-4BBD-B6D6-92ECFFBB7CBB}.Debug|Any CPU.ActiveCfg = Debug|Any CPU
		{4CCD7DF1-537C-4BBD-B6D6-92ECFFBB7CBB}.Debug|Any CPU.Build.0 = Debug|Any CPU
		{4CCD7DF1-537C-4BBD-B6D6-92ECFFBB7CBB}.Release|Any CPU.ActiveCfg = Release|Any CPU
		{4CCD7DF1-537C-4BBD-B6D6-92ECFFBB7CBB}.Release|Any CPU.Build.0 = Release|Any CPU
		{12AF22B4-B335-45C1-8566-649745B6D0E3}.Debug|Any CPU.ActiveCfg = Debug|Any CPU
		{12AF22B4-B335-45C1-8566-649745B6D0E3}.Debug|Any CPU.Build.0 = Debug|Any CPU
		{12AF22B4-B335-45C1-8566-649745B6D0E3}.Release|Any CPU.ActiveCfg = Release|Any CPU
		{12AF22B4-B335-45C1-8566-649745B6D0E3}.Release|Any CPU.Build.0 = Release|Any CPU
		{C51F211F-0B32-41B3-BF00-CF89264B63FB}.Debug|Any CPU.ActiveCfg = Debug|Any CPU
		{C51F211F-0B32-41B3-BF00-CF89264B63FB}.Debug|Any CPU.Build.0 = Debug|Any CPU
		{C51F211F-0B32-41B3-BF00-CF89264B63FB}.Release|Any CPU.ActiveCfg = Release|Any CPU
		{C51F211F-0B32-41B3-BF00-CF89264B63FB}.Release|Any CPU.Build.0 = Release|Any CPU
	EndGlobalSection
	GlobalSection(SolutionProperties) = preSolution
		HideSolutionNode = FALSE
	EndGlobalSection
	GlobalSection(ExtensibilityGlobals) = postSolution
		SolutionGuid = {F7030143-4BED-4A19-BCF1-0F5F4BDD0541}
	EndGlobalSection
EndGlobal
