
Microsoft Visual Studio Solution File, Format Version 12.00
# Visual Studio Version 17
VisualStudioVersion = 17.9.34622.214
MinimumVisualStudioVersion = 10.0.40219.1
Project("{9A19103F-16F7-4668-BE54-9A1E7A4F7556}") = "ZMTDotNetCore.ConsoleApp", "ZMTDotNetCore.ConsoleApp\ZMTDotNetCore.ConsoleApp.csproj", "{7F385724-EF32-4662-A0CA-B350929C311E}"
EndProject
Project("{2150E333-8FDC-42A3-9474-1A3956D46DE8}") = "Document", "Document", "{D79CBECC-FFF2-4A6F-A40D-77C8B9D11941}"
	ProjectSection(SolutionItems) = preProject
		DotNetTrainingBatch4.sql = DotNetTrainingBatch4.sql
		Readme.md = Readme.md
	EndProjectSection
EndProject
Project("{9A19103F-16F7-4668-BE54-9A1E7A4F7556}") = "ZMTDotNetCore.RestApi", "ZMTDotNetCore.RestApi\ZMTDotNetCore.RestApi.csproj", "{553B9EBA-87C1-4321-9C02-C7EB3C045307}"
EndProject
Project("{FAE04EC0-301F-11D3-BF4B-00C04F79EFBC}") = "ZMTDotNetCore.Shared", "ZMTDotNetCore.Shared\ZMTDotNetCore.Shared.csproj", "{03717B3A-77E6-4986-A47F-4E36E34C0A34}"
EndProject
Global
	GlobalSection(SolutionConfigurationPlatforms) = preSolution
		Debug|Any CPU = Debug|Any CPU
		Release|Any CPU = Release|Any CPU
	EndGlobalSection
	GlobalSection(ProjectConfigurationPlatforms) = postSolution
		{7F385724-EF32-4662-A0CA-B350929C311E}.Debug|Any CPU.ActiveCfg = Debug|Any CPU
		{7F385724-EF32-4662-A0CA-B350929C311E}.Debug|Any CPU.Build.0 = Debug|Any CPU
		{7F385724-EF32-4662-A0CA-B350929C311E}.Release|Any CPU.ActiveCfg = Release|Any CPU
		{7F385724-EF32-4662-A0CA-B350929C311E}.Release|Any CPU.Build.0 = Release|Any CPU
		{553B9EBA-87C1-4321-9C02-C7EB3C045307}.Debug|Any CPU.ActiveCfg = Debug|Any CPU
		{553B9EBA-87C1-4321-9C02-C7EB3C045307}.Debug|Any CPU.Build.0 = Debug|Any CPU
		{553B9EBA-87C1-4321-9C02-C7EB3C045307}.Release|Any CPU.ActiveCfg = Release|Any CPU
		{553B9EBA-87C1-4321-9C02-C7EB3C045307}.Release|Any CPU.Build.0 = Release|Any CPU
		{03717B3A-77E6-4986-A47F-4E36E34C0A34}.Debug|Any CPU.ActiveCfg = Debug|Any CPU
		{03717B3A-77E6-4986-A47F-4E36E34C0A34}.Debug|Any CPU.Build.0 = Debug|Any CPU
		{03717B3A-77E6-4986-A47F-4E36E34C0A34}.Release|Any CPU.ActiveCfg = Release|Any CPU
		{03717B3A-77E6-4986-A47F-4E36E34C0A34}.Release|Any CPU.Build.0 = Release|Any CPU
	EndGlobalSection
	GlobalSection(SolutionProperties) = preSolution
		HideSolutionNode = FALSE
	EndGlobalSection
	GlobalSection(ExtensibilityGlobals) = postSolution
		SolutionGuid = {F7030143-4BED-4A19-BCF1-0F5F4BDD0541}
	EndGlobalSection
EndGlobal
